
Microsoft Visual Studio Solution File, Format Version 12.00
# Visual Studio Version 17
VisualStudioVersion = 17.1.32421.90
MinimumVisualStudioVersion = 10.0.40219.1
Project("{FAE04EC0-301F-11D3-BF4B-00C04F79EFBC}") = "gebeOS", "gebeOS.csproj", "{27541EB3-BBEB-4DB4-A79B-F82415B50CD3}"
EndProject
Global
	GlobalSection(SolutionConfigurationPlatforms) = preSolution
		Debug|Any CPU = Debug|Any CPU
		Release|Any CPU = Release|Any CPU
	EndGlobalSection
	GlobalSection(ProjectConfigurationPlatforms) = postSolution
		{27541EB3-BBEB-4DB4-A79B-F82415B50CD3}.Debug|Any CPU.ActiveCfg = Debug|Any CPU
		{27541EB3-BBEB-4DB4-A79B-F82415B50CD3}.Debug|Any CPU.Build.0 = Debug|Any CPU
		{27541EB3-BBEB-4DB4-A79B-F82415B50CD3}.Release|Any CPU.ActiveCfg = Release|Any CPU
		{27541EB3-BBEB-4DB4-A79B-F82415B50CD3}.Release|Any CPU.Build.0 = Release|Any CPU
	EndGlobalSection
	GlobalSection(SolutionProperties) = preSolution
		HideSolutionNode = FALSE
	EndGlobalSection
	GlobalSection(ExtensibilityGlobals) = postSolution
		SolutionGuid = {903419F6-733A-45DD-9011-49E4A9907FF1}
	EndGlobalSection
EndGlobal
